
Microsoft Visual Studio Solution File, Format Version 12.00
# Visual Studio 15
VisualStudioVersion = 15.0.28010.2026
MinimumVisualStudioVersion = 10.0.40219.1
Project("{FAE04EC0-301F-11D3-BF4B-00C04F79EFBC}") = "MobileAssigenment2.Android", "MobileAssigenment2\MobileAssigenment2.Android\MobileAssigenment2.Android.csproj", "{5592D5C3-DF39-4A43-8FFA-ACA73669F909}"
EndProject
Project("{FAE04EC0-301F-11D3-BF4B-00C04F79EFBC}") = "MobileAssigenment2.iOS", "MobileAssigenment2\MobileAssigenment2.iOS\MobileAssigenment2.iOS.csproj", "{360E7B44-4D32-417A-AC6E-9063F7068F9B}"
EndProject
Project("{FAE04EC0-301F-11D3-BF4B-00C04F79EFBC}") = "MobileAssigenment2.UWP", "MobileAssigenment2\MobileAssigenment2.UWP\MobileAssigenment2.UWP.csproj", "{7D08A3B0-88C6-4A14-BA14-3D63F5176D05}"
EndProject
Project("{9A19103F-16F7-4668-BE54-9A1E7A4F7556}") = "MobileAssigenment2", "MobileAssigenment2\MobileAssigenment2\MobileAssigenment2.csproj", "{AB080823-8E77-4E64-92B5-875E8F53A1CC}"
EndProject
Global
	GlobalSection(SolutionConfigurationPlatforms) = preSolution
		Ad-Hoc|Any CPU = Ad-Hoc|Any CPU
		Ad-Hoc|ARM = Ad-Hoc|ARM
		Ad-Hoc|iPhone = Ad-Hoc|iPhone
		Ad-Hoc|iPhoneSimulator = Ad-Hoc|iPhoneSimulator
		Ad-Hoc|x64 = Ad-Hoc|x64
		Ad-Hoc|x86 = Ad-Hoc|x86
		AppStore|Any CPU = AppStore|Any CPU
		AppStore|ARM = AppStore|ARM
		AppStore|iPhone = AppStore|iPhone
		AppStore|iPhoneSimulator = AppStore|iPhoneSimulator
		AppStore|x64 = AppStore|x64
		AppStore|x86 = AppStore|x86
		Debug|Any CPU = Debug|Any CPU
		Debug|ARM = Debug|ARM
		Debug|iPhone = Debug|iPhone
		Debug|iPhoneSimulator = Debug|iPhoneSimulator
		Debug|x64 = Debug|x64
		Debug|x86 = Debug|x86
		Release|Any CPU = Release|Any CPU
		Release|ARM = Release|ARM
		Release|iPhone = Release|iPhone
		Release|iPhoneSimulator = Release|iPhoneSimulator
		Release|x64 = Release|x64
		Release|x86 = Release|x86
	EndGlobalSection
	GlobalSection(ProjectConfigurationPlatforms) = postSolution
		{5592D5C3-DF39-4A43-8FFA-ACA73669F909}.Ad-Hoc|Any CPU.ActiveCfg = Release|Any CPU
		{5592D5C3-DF39-4A43-8FFA-ACA73669F909}.Ad-Hoc|Any CPU.Build.0 = Release|Any CPU
		{5592D5C3-DF39-4A43-8FFA-ACA73669F909}.Ad-Hoc|Any CPU.Deploy.0 = Release|Any CPU
		{5592D5C3-DF39-4A43-8FFA-ACA73669F909}.Ad-Hoc|ARM.ActiveCfg = Release|Any CPU
		{5592D5C3-DF39-4A43-8FFA-ACA73669F909}.Ad-Hoc|ARM.Build.0 = Release|Any CPU
		{5592D5C3-DF39-4A43-8FFA-ACA73669F909}.Ad-Hoc|ARM.Deploy.0 = Release|Any CPU
		{5592D5C3-DF39-4A43-8FFA-ACA73669F909}.Ad-Hoc|iPhone.ActiveCfg = Release|Any CPU
		{5592D5C3-DF39-4A43-8FFA-ACA73669F909}.Ad-Hoc|iPhone.Build.0 = Release|Any CPU
		{5592D5C3-DF39-4A43-8FFA-ACA73669F909}.Ad-Hoc|iPhone.Deploy.0 = Release|Any CPU
		{5592D5C3-DF39-4A43-8FFA-ACA73669F909}.Ad-Hoc|iPhoneSimulator.ActiveCfg = Release|Any CPU
		{5592D5C3-DF39-4A43-8FFA-ACA73669F909}.Ad-Hoc|iPhoneSimulator.Build.0 = Release|Any CPU
		{5592D5C3-DF39-4A43-8FFA-ACA73669F909}.Ad-Hoc|iPhoneSimulator.Deploy.0 = Release|Any CPU
		{5592D5C3-DF39-4A43-8FFA-ACA73669F909}.Ad-Hoc|x64.ActiveCfg = Release|Any CPU
		{5592D5C3-DF39-4A43-8FFA-ACA73669F909}.Ad-Hoc|x64.Build.0 = Release|Any CPU
		{5592D5C3-DF39-4A43-8FFA-ACA73669F909}.Ad-Hoc|x64.Deploy.0 = Release|Any CPU
		{5592D5C3-DF39-4A43-8FFA-ACA73669F909}.Ad-Hoc|x86.ActiveCfg = Release|Any CPU
		{5592D5C3-DF39-4A43-8FFA-ACA73669F909}.Ad-Hoc|x86.Build.0 = Release|Any CPU
		{5592D5C3-DF39-4A43-8FFA-ACA73669F909}.Ad-Hoc|x86.Deploy.0 = Release|Any CPU
		{5592D5C3-DF39-4A43-8FFA-ACA73669F909}.AppStore|Any CPU.ActiveCfg = Release|Any CPU
		{5592D5C3-DF39-4A43-8FFA-ACA73669F909}.AppStore|Any CPU.Build.0 = Release|Any CPU
		{5592D5C3-DF39-4A43-8FFA-ACA73669F909}.AppStore|Any CPU.Deploy.0 = Release|Any CPU
		{5592D5C3-DF39-4A43-8FFA-ACA73669F909}.AppStore|ARM.ActiveCfg = Release|Any CPU
		{5592D5C3-DF39-4A43-8FFA-ACA73669F909}.AppStore|ARM.Build.0 = Release|Any CPU
		{5592D5C3-DF39-4A43-8FFA-ACA73669F909}.AppStore|ARM.Deploy.0 = Release|Any CPU
		{5592D5C3-DF39-4A43-8FFA-ACA73669F909}.AppStore|iPhone.ActiveCfg = Release|Any CPU
		{5592D5C3-DF39-4A43-8FFA-ACA73669F909}.AppStore|iPhone.Build.0 = Release|Any CPU
		{5592D5C3-DF39-4A43-8FFA-ACA73669F909}.AppStore|iPhone.Deploy.0 = Release|Any CPU
		{5592D5C3-DF39-4A43-8FFA-ACA73669F909}.AppStore|iPhoneSimulator.ActiveCfg = Release|Any CPU
		{5592D5C3-DF39-4A43-8FFA-ACA73669F909}.AppStore|iPhoneSimulator.Build.0 = Release|Any CPU
		{5592D5C3-DF39-4A43-8FFA-ACA73669F909}.AppStore|iPhoneSimulator.Deploy.0 = Release|Any CPU
		{5592D5C3-DF39-4A43-8FFA-ACA73669F909}.AppStore|x64.ActiveCfg = Release|Any CPU
		{5592D5C3-DF39-4A43-8FFA-ACA73669F909}.AppStore|x64.Build.0 = Release|Any CPU
		{5592D5C3-DF39-4A43-8FFA-ACA73669F909}.AppStore|x64.Deploy.0 = Release|Any CPU
		{5592D5C3-DF39-4A43-8FFA-ACA73669F909}.AppStore|x86.ActiveCfg = Release|Any CPU
		{5592D5C3-DF39-4A43-8FFA-ACA73669F909}.AppStore|x86.Build.0 = Release|Any CPU
		{5592D5C3-DF39-4A43-8FFA-ACA73669F909}.AppStore|x86.Deploy.0 = Release|Any CPU
		{5592D5C3-DF39-4A43-8FFA-ACA73669F909}.Debug|Any CPU.ActiveCfg = Debug|Any CPU
		{5592D5C3-DF39-4A43-8FFA-ACA73669F909}.Debug|Any CPU.Build.0 = Debug|Any CPU
		{5592D5C3-DF39-4A43-8FFA-ACA73669F909}.Debug|Any CPU.Deploy.0 = Debug|Any CPU
		{5592D5C3-DF39-4A43-8FFA-ACA73669F909}.Debug|ARM.ActiveCfg = Debug|Any CPU
		{5592D5C3-DF39-4A43-8FFA-ACA73669F909}.Debug|ARM.Build.0 = Debug|Any CPU
		{5592D5C3-DF39-4A43-8FFA-ACA73669F909}.Debug|ARM.Deploy.0 = Debug|Any CPU
		{5592D5C3-DF39-4A43-8FFA-ACA73669F909}.Debug|iPhone.ActiveCfg = Debug|Any CPU
		{5592D5C3-DF39-4A43-8FFA-ACA73669F909}.Debug|iPhone.Build.0 = Debug|Any CPU
		{5592D5C3-DF39-4A43-8FFA-ACA73669F909}.Debug|iPhone.Deploy.0 = Debug|Any CPU
		{5592D5C3-DF39-4A43-8FFA-ACA73669F909}.Debug|iPhoneSimulator.ActiveCfg = Debug|Any CPU
		{5592D5C3-DF39-4A43-8FFA-ACA73669F909}.Debug|iPhoneSimulator.Build.0 = Debug|Any CPU
		{5592D5C3-DF39-4A43-8FFA-ACA73669F909}.Debug|iPhoneSimulator.Deploy.0 = Debug|Any CPU
		{5592D5C3-DF39-4A43-8FFA-ACA73669F909}.Debug|x64.ActiveCfg = Debug|Any CPU
		{5592D5C3-DF39-4A43-8FFA-ACA73669F909}.Debug|x64.Build.0 = Debug|Any CPU
		{5592D5C3-DF39-4A43-8FFA-ACA73669F909}.Debug|x64.Deploy.0 = Debug|Any CPU
		{5592D5C3-DF39-4A43-8FFA-ACA73669F909}.Debug|x86.ActiveCfg = Debug|Any CPU
		{5592D5C3-DF39-4A43-8FFA-ACA73669F909}.Debug|x86.Build.0 = Debug|Any CPU
		{5592D5C3-DF39-4A43-8FFA-ACA73669F909}.Debug|x86.Deploy.0 = Debug|Any CPU
		{5592D5C3-DF39-4A43-8FFA-ACA73669F909}.Release|Any CPU.ActiveCfg = Release|Any CPU
		{5592D5C3-DF39-4A43-8FFA-ACA73669F909}.Release|Any CPU.Build.0 = Release|Any CPU
		{5592D5C3-DF39-4A43-8FFA-ACA73669F909}.Release|Any CPU.Deploy.0 = Release|Any CPU
		{5592D5C3-DF39-4A43-8FFA-ACA73669F909}.Release|ARM.ActiveCfg = Release|Any CPU
		{5592D5C3-DF39-4A43-8FFA-ACA73669F909}.Release|ARM.Build.0 = Release|Any CPU
		{5592D5C3-DF39-4A43-8FFA-ACA73669F909}.Release|ARM.Deploy.0 = Release|Any CPU
		{5592D5C3-DF39-4A43-8FFA-ACA73669F909}.Release|iPhone.ActiveCfg = Release|Any CPU
		{5592D5C3-DF39-4A43-8FFA-ACA73669F909}.Release|iPhone.Build.0 = Release|Any CPU
		{5592D5C3-DF39-4A43-8FFA-ACA73669F909}.Release|iPhone.Deploy.0 = Release|Any CPU
		{5592D5C3-DF39-4A43-8FFA-ACA73669F909}.Release|iPhoneSimulator.ActiveCfg = Release|Any CPU
		{5592D5C3-DF39-4A43-8FFA-ACA73669F909}.Release|iPhoneSimulator.Build.0 = Release|Any CPU
		{5592D5C3-DF39-4A43-8FFA-ACA73669F909}.Release|iPhoneSimulator.Deploy.0 = Release|Any CPU
		{5592D5C3-DF39-4A43-8FFA-ACA73669F909}.Release|x64.ActiveCfg = Release|Any CPU
		{5592D5C3-DF39-4A43-8FFA-ACA73669F909}.Release|x64.Build.0 = Release|Any CPU
		{5592D5C3-DF39-4A43-8FFA-ACA73669F909}.Release|x64.Deploy.0 = Release|Any CPU
		{5592D5C3-DF39-4A43-8FFA-ACA73669F909}.Release|x86.ActiveCfg = Release|Any CPU
		{5592D5C3-DF39-4A43-8FFA-ACA73669F909}.Release|x86.Build.0 = Release|Any CPU
		{5592D5C3-DF39-4A43-8FFA-ACA73669F909}.Release|x86.Deploy.0 = Release|Any CPU
		{360E7B44-4D32-417A-AC6E-9063F7068F9B}.Ad-Hoc|Any CPU.ActiveCfg = Ad-Hoc|iPhone
		{360E7B44-4D32-417A-AC6E-9063F7068F9B}.Ad-Hoc|Any CPU.Build.0 = Ad-Hoc|iPhone
		{360E7B44-4D32-417A-AC6E-9063F7068F9B}.Ad-Hoc|Any CPU.Deploy.0 = Ad-Hoc|iPhone
		{360E7B44-4D32-417A-AC6E-9063F7068F9B}.Ad-Hoc|ARM.ActiveCfg = Ad-Hoc|iPhone
		{360E7B44-4D32-417A-AC6E-9063F7068F9B}.Ad-Hoc|ARM.Build.0 = Ad-Hoc|iPhone
		{360E7B44-4D32-417A-AC6E-9063F7068F9B}.Ad-Hoc|ARM.Deploy.0 = Ad-Hoc|iPhone
		{360E7B44-4D32-417A-AC6E-9063F7068F9B}.Ad-Hoc|iPhone.ActiveCfg = Ad-Hoc|iPhone
		{360E7B44-4D32-417A-AC6E-9063F7068F9B}.Ad-Hoc|iPhone.Build.0 = Ad-Hoc|iPhone
		{360E7B44-4D32-417A-AC6E-9063F7068F9B}.Ad-Hoc|iPhone.Deploy.0 = Ad-Hoc|iPhone
		{360E7B44-4D32-417A-AC6E-9063F7068F9B}.Ad-Hoc|iPhoneSimulator.ActiveCfg = Ad-Hoc|iPhoneSimulator
		{360E7B44-4D32-417A-AC6E-9063F7068F9B}.Ad-Hoc|iPhoneSimulator.Build.0 = Ad-Hoc|iPhoneSimulator
		{360E7B44-4D32-417A-AC6E-9063F7068F9B}.Ad-Hoc|iPhoneSimulator.Deploy.0 = Ad-Hoc|iPhoneSimulator
		{360E7B44-4D32-417A-AC6E-9063F7068F9B}.Ad-Hoc|x64.ActiveCfg = Ad-Hoc|iPhone
		{360E7B44-4D32-417A-AC6E-9063F7068F9B}.Ad-Hoc|x64.Build.0 = Ad-Hoc|iPhone
		{360E7B44-4D32-417A-AC6E-9063F7068F9B}.Ad-Hoc|x64.Deploy.0 = Ad-Hoc|iPhone
		{360E7B44-4D32-417A-AC6E-9063F7068F9B}.Ad-Hoc|x86.ActiveCfg = Ad-Hoc|iPhone
		{360E7B44-4D32-417A-AC6E-9063F7068F9B}.Ad-Hoc|x86.Build.0 = Ad-Hoc|iPhone
		{360E7B44-4D32-417A-AC6E-9063F7068F9B}.Ad-Hoc|x86.Deploy.0 = Ad-Hoc|iPhone
		{360E7B44-4D32-417A-AC6E-9063F7068F9B}.AppStore|Any CPU.ActiveCfg = AppStore|iPhone
		{360E7B44-4D32-417A-AC6E-9063F7068F9B}.AppStore|Any CPU.Build.0 = AppStore|iPhone
		{360E7B44-4D32-417A-AC6E-9063F7068F9B}.AppStore|Any CPU.Deploy.0 = AppStore|iPhone
		{360E7B44-4D32-417A-AC6E-9063F7068F9B}.AppStore|ARM.ActiveCfg = AppStore|iPhone
		{360E7B44-4D32-417A-AC6E-9063F7068F9B}.AppStore|ARM.Build.0 = AppStore|iPhone
		{360E7B44-4D32-417A-AC6E-9063F7068F9B}.AppStore|ARM.Deploy.0 = AppStore|iPhone
		{360E7B44-4D32-417A-AC6E-9063F7068F9B}.AppStore|iPhone.ActiveCfg = AppStore|iPhone
		{360E7B44-4D32-417A-AC6E-9063F7068F9B}.AppStore|iPhone.Build.0 = AppStore|iPhone
		{360E7B44-4D32-417A-AC6E-9063F7068F9B}.AppStore|iPhone.Deploy.0 = AppStore|iPhone
		{360E7B44-4D32-417A-AC6E-9063F7068F9B}.AppStore|iPhoneSimulator.ActiveCfg = AppStore|iPhoneSimulator
		{360E7B44-4D32-417A-AC6E-9063F7068F9B}.AppStore|iPhoneSimulator.Build.0 = AppStore|iPhoneSimulator
		{360E7B44-4D32-417A-AC6E-9063F7068F9B}.AppStore|iPhoneSimulator.Deploy.0 = AppStore|iPhoneSimulator
		{360E7B44-4D32-417A-AC6E-9063F7068F9B}.AppStore|x64.ActiveCfg = AppStore|iPhone
		{360E7B44-4D32-417A-AC6E-9063F7068F9B}.AppStore|x64.Build.0 = AppStore|iPhone
		{360E7B44-4D32-417A-AC6E-9063F7068F9B}.AppStore|x64.Deploy.0 = AppStore|iPhone
		{360E7B44-4D32-417A-AC6E-9063F7068F9B}.AppStore|x86.ActiveCfg = AppStore|iPhone
		{360E7B44-4D32-417A-AC6E-9063F7068F9B}.AppStore|x86.Build.0 = AppStore|iPhone
		{360E7B44-4D32-417A-AC6E-9063F7068F9B}.AppStore|x86.Deploy.0 = AppStore|iPhone
		{360E7B44-4D32-417A-AC6E-9063F7068F9B}.Debug|Any CPU.ActiveCfg = Debug|iPhoneSimulator
		{360E7B44-4D32-417A-AC6E-9063F7068F9B}.Debug|Any CPU.Build.0 = Debug|iPhoneSimulator
		{360E7B44-4D32-417A-AC6E-9063F7068F9B}.Debug|Any CPU.Deploy.0 = Debug|iPhoneSimulator
		{360E7B44-4D32-417A-AC6E-9063F7068F9B}.Debug|ARM.ActiveCfg = Debug|iPhone
		{360E7B44-4D32-417A-AC6E-9063F7068F9B}.Debug|ARM.Build.0 = Debug|iPhone
		{360E7B44-4D32-417A-AC6E-9063F7068F9B}.Debug|ARM.Deploy.0 = Debug|iPhone
		{360E7B44-4D32-417A-AC6E-9063F7068F9B}.Debug|iPhone.ActiveCfg = Debug|iPhone
		{360E7B44-4D32-417A-AC6E-9063F7068F9B}.Debug|iPhone.Build.0 = Debug|iPhone
		{360E7B44-4D32-417A-AC6E-9063F7068F9B}.Debug|iPhone.Deploy.0 = Debug|iPhone
		{360E7B44-4D32-417A-AC6E-9063F7068F9B}.Debug|iPhoneSimulator.ActiveCfg = Debug|iPhoneSimulator
		{360E7B44-4D32-417A-AC6E-9063F7068F9B}.Debug|iPhoneSimulator.Build.0 = Debug|iPhoneSimulator
		{360E7B44-4D32-417A-AC6E-9063F7068F9B}.Debug|iPhoneSimulator.Deploy.0 = Debug|iPhoneSimulator
		{360E7B44-4D32-417A-AC6E-9063F7068F9B}.Debug|x64.ActiveCfg = Debug|iPhone
		{360E7B44-4D32-417A-AC6E-9063F7068F9B}.Debug|x64.Build.0 = Debug|iPhone
		{360E7B44-4D32-417A-AC6E-9063F7068F9B}.Debug|x64.Deploy.0 = Debug|iPhone
		{360E7B44-4D32-417A-AC6E-9063F7068F9B}.Debug|x86.ActiveCfg = Debug|iPhone
		{360E7B44-4D32-417A-AC6E-9063F7068F9B}.Debug|x86.Build.0 = Debug|iPhone
		{360E7B44-4D32-417A-AC6E-9063F7068F9B}.Debug|x86.Deploy.0 = Debug|iPhone
		{360E7B44-4D32-417A-AC6E-9063F7068F9B}.Release|Any CPU.ActiveCfg = Release|iPhone
		{360E7B44-4D32-417A-AC6E-9063F7068F9B}.Release|Any CPU.Build.0 = Release|iPhone
		{360E7B44-4D32-417A-AC6E-9063F7068F9B}.Release|Any CPU.Deploy.0 = Release|iPhone
		{360E7B44-4D32-417A-AC6E-9063F7068F9B}.Release|ARM.ActiveCfg = Release|iPhone
		{360E7B44-4D32-417A-AC6E-9063F7068F9B}.Release|ARM.Build.0 = Release|iPhone
		{360E7B44-4D32-417A-AC6E-9063F7068F9B}.Release|ARM.Deploy.0 = Release|iPhone
		{360E7B44-4D32-417A-AC6E-9063F7068F9B}.Release|iPhone.ActiveCfg = Release|iPhone
		{360E7B44-4D32-417A-AC6E-9063F7068F9B}.Release|iPhone.Build.0 = Release|iPhone
		{360E7B44-4D32-417A-AC6E-9063F7068F9B}.Release|iPhone.Deploy.0 = Release|iPhone
		{360E7B44-4D32-417A-AC6E-9063F7068F9B}.Release|iPhoneSimulator.ActiveCfg = Release|iPhoneSimulator
		{360E7B44-4D32-417A-AC6E-9063F7068F9B}.Release|iPhoneSimulator.Build.0 = Release|iPhoneSimulator
		{360E7B44-4D32-417A-AC6E-9063F7068F9B}.Release|iPhoneSimulator.Deploy.0 = Release|iPhoneSimulator
		{360E7B44-4D32-417A-AC6E-9063F7068F9B}.Release|x64.ActiveCfg = Release|iPhone
		{360E7B44-4D32-417A-AC6E-9063F7068F9B}.Release|x64.Build.0 = Release|iPhone
		{360E7B44-4D32-417A-AC6E-9063F7068F9B}.Release|x64.Deploy.0 = Release|iPhone
		{360E7B44-4D32-417A-AC6E-9063F7068F9B}.Release|x86.ActiveCfg = Release|iPhone
		{360E7B44-4D32-417A-AC6E-9063F7068F9B}.Release|x86.Build.0 = Release|iPhone
		{360E7B44-4D32-417A-AC6E-9063F7068F9B}.Release|x86.Deploy.0 = Release|iPhone
		{7D08A3B0-88C6-4A14-BA14-3D63F5176D05}.Ad-Hoc|Any CPU.ActiveCfg = Release|x86
		{7D08A3B0-88C6-4A14-BA14-3D63F5176D05}.Ad-Hoc|Any CPU.Build.0 = Release|x86
		{7D08A3B0-88C6-4A14-BA14-3D63F5176D05}.Ad-Hoc|Any CPU.Deploy.0 = Release|x86
		{7D08A3B0-88C6-4A14-BA14-3D63F5176D05}.Ad-Hoc|ARM.ActiveCfg = Release|ARM
		{7D08A3B0-88C6-4A14-BA14-3D63F5176D05}.Ad-Hoc|ARM.Build.0 = Release|ARM
		{7D08A3B0-88C6-4A14-BA14-3D63F5176D05}.Ad-Hoc|ARM.Deploy.0 = Release|ARM
		{7D08A3B0-88C6-4A14-BA14-3D63F5176D05}.Ad-Hoc|iPhone.ActiveCfg = Release|x86
		{7D08A3B0-88C6-4A14-BA14-3D63F5176D05}.Ad-Hoc|iPhone.Build.0 = Release|x86
		{7D08A3B0-88C6-4A14-BA14-3D63F5176D05}.Ad-Hoc|iPhone.Deploy.0 = Release|x86
		{7D08A3B0-88C6-4A14-BA14-3D63F5176D05}.Ad-Hoc|iPhoneSimulator.ActiveCfg = Release|x86
		{7D08A3B0-88C6-4A14-BA14-3D63F5176D05}.Ad-Hoc|iPhoneSimulator.Build.0 = Release|x86
		{7D08A3B0-88C6-4A14-BA14-3D63F5176D05}.Ad-Hoc|iPhoneSimulator.Deploy.0 = Release|x86
		{7D08A3B0-88C6-4A14-BA14-3D63F5176D05}.Ad-Hoc|x64.ActiveCfg = Release|x64
		{7D08A3B0-88C6-4A14-BA14-3D63F5176D05}.Ad-Hoc|x64.Build.0 = Release|x64
		{7D08A3B0-88C6-4A14-BA14-3D63F5176D05}.Ad-Hoc|x64.Deploy.0 = Release|x64
		{7D08A3B0-88C6-4A14-BA14-3D63F5176D05}.Ad-Hoc|x86.ActiveCfg = Release|x86
		{7D08A3B0-88C6-4A14-BA14-3D63F5176D05}.Ad-Hoc|x86.Build.0 = Release|x86
		{7D08A3B0-88C6-4A14-BA14-3D63F5176D05}.Ad-Hoc|x86.Deploy.0 = Release|x86
		{7D08A3B0-88C6-4A14-BA14-3D63F5176D05}.AppStore|Any CPU.ActiveCfg = Release|x86
		{7D08A3B0-88C6-4A14-BA14-3D63F5176D05}.AppStore|Any CPU.Build.0 = Release|x86
		{7D08A3B0-88C6-4A14-BA14-3D63F5176D05}.AppStore|Any CPU.Deploy.0 = Release|x86
		{7D08A3B0-88C6-4A14-BA14-3D63F5176D05}.AppStore|ARM.ActiveCfg = Release|ARM
		{7D08A3B0-88C6-4A14-BA14-3D63F5176D05}.AppStore|ARM.Build.0 = Release|ARM
		{7D08A3B0-88C6-4A14-BA14-3D63F5176D05}.AppStore|ARM.Deploy.0 = Release|ARM
		{7D08A3B0-88C6-4A14-BA14-3D63F5176D05}.AppStore|iPhone.ActiveCfg = Release|x86
		{7D08A3B0-88C6-4A14-BA14-3D63F5176D05}.AppStore|iPhone.Build.0 = Release|x86
		{7D08A3B0-88C6-4A14-BA14-3D63F5176D05}.AppStore|iPhone.Deploy.0 = Release|x86
		{7D08A3B0-88C6-4A14-BA14-3D63F5176D05}.AppStore|iPhoneSimulator.ActiveCfg = Release|x86
		{7D08A3B0-88C6-4A14-BA14-3D63F5176D05}.AppStore|iPhoneSimulator.Build.0 = Release|x86
		{7D08A3B0-88C6-4A14-BA14-3D63F5176D05}.AppStore|iPhoneSimulator.Deploy.0 = Release|x86
		{7D08A3B0-88C6-4A14-BA14-3D63F5176D05}.AppStore|x64.ActiveCfg = Release|x64
		{7D08A3B0-88C6-4A14-BA14-3D63F5176D05}.AppStore|x64.Build.0 = Release|x64
		{7D08A3B0-88C6-4A14-BA14-3D63F5176D05}.AppStore|x64.Deploy.0 = Release|x64
		{7D08A3B0-88C6-4A14-BA14-3D63F5176D05}.AppStore|x86.ActiveCfg = Release|x86
		{7D08A3B0-88C6-4A14-BA14-3D63F5176D05}.AppStore|x86.Build.0 = Release|x86
		{7D08A3B0-88C6-4A14-BA14-3D63F5176D05}.AppStore|x86.Deploy.0 = Release|x86
		{7D08A3B0-88C6-4A14-BA14-3D63F5176D05}.Debug|Any CPU.ActiveCfg = Debug|x86
		{7D08A3B0-88C6-4A14-BA14-3D63F5176D05}.Debug|Any CPU.Build.0 = Debug|x86
		{7D08A3B0-88C6-4A14-BA14-3D63F5176D05}.Debug|ARM.ActiveCfg = Debug|ARM
		{7D08A3B0-88C6-4A14-BA14-3D63F5176D05}.Debug|ARM.Build.0 = Debug|ARM
		{7D08A3B0-88C6-4A14-BA14-3D63F5176D05}.Debug|ARM.Deploy.0 = Debug|ARM
		{7D08A3B0-88C6-4A14-BA14-3D63F5176D05}.Debug|iPhone.ActiveCfg = Debug|x86
		{7D08A3B0-88C6-4A14-BA14-3D63F5176D05}.Debug|iPhone.Build.0 = Debug|x86
		{7D08A3B0-88C6-4A14-BA14-3D63F5176D05}.Debug|iPhone.Deploy.0 = Debug|x86
		{7D08A3B0-88C6-4A14-BA14-3D63F5176D05}.Debug|iPhoneSimulator.ActiveCfg = Debug|x86
		{7D08A3B0-88C6-4A14-BA14-3D63F5176D05}.Debug|iPhoneSimulator.Build.0 = Debug|x86
		{7D08A3B0-88C6-4A14-BA14-3D63F5176D05}.Debug|iPhoneSimulator.Deploy.0 = Debug|x86
		{7D08A3B0-88C6-4A14-BA14-3D63F5176D05}.Debug|x64.ActiveCfg = Debug|x64
		{7D08A3B0-88C6-4A14-BA14-3D63F5176D05}.Debug|x64.Build.0 = Debug|x64
		{7D08A3B0-88C6-4A14-BA14-3D63F5176D05}.Debug|x64.Deploy.0 = Debug|x64
		{7D08A3B0-88C6-4A14-BA14-3D63F5176D05}.Debug|x86.ActiveCfg = Debug|x86
		{7D08A3B0-88C6-4A14-BA14-3D63F5176D05}.Debug|x86.Build.0 = Debug|x86
		{7D08A3B0-88C6-4A14-BA14-3D63F5176D05}.Debug|x86.Deploy.0 = Debug|x86
		{7D08A3B0-88C6-4A14-BA14-3D63F5176D05}.Release|Any CPU.ActiveCfg = Release|x86
		{7D08A3B0-88C6-4A14-BA14-3D63F5176D05}.Release|Any CPU.Build.0 = Release|x86
		{7D08A3B0-88C6-4A14-BA14-3D63F5176D05}.Release|Any CPU.Deploy.0 = Release|x86
		{7D08A3B0-88C6-4A14-BA14-3D63F5176D05}.Release|ARM.ActiveCfg = Release|ARM
		{7D08A3B0-88C6-4A14-BA14-3D63F5176D05}.Release|ARM.Build.0 = Release|ARM
		{7D08A3B0-88C6-4A14-BA14-3D63F5176D05}.Release|ARM.Deploy.0 = Release|ARM
		{7D08A3B0-88C6-4A14-BA14-3D63F5176D05}.Release|iPhone.ActiveCfg = Release|x86
		{7D08A3B0-88C6-4A14-BA14-3D63F5176D05}.Release|iPhone.Build.0 = Release|x86
		{7D08A3B0-88C6-4A14-BA14-3D63F5176D05}.Release|iPhone.Deploy.0 = Release|x86
		{7D08A3B0-88C6-4A14-BA14-3D63F5176D05}.Release|iPhoneSimulator.ActiveCfg = Release|x86
		{7D08A3B0-88C6-4A14-BA14-3D63F5176D05}.Release|iPhoneSimulator.Build.0 = Release|x86
		{7D08A3B0-88C6-4A14-BA14-3D63F5176D05}.Release|iPhoneSimulator.Deploy.0 = Release|x86
		{7D08A3B0-88C6-4A14-BA14-3D63F5176D05}.Release|x64.ActiveCfg = Release|x64
		{7D08A3B0-88C6-4A14-BA14-3D63F5176D05}.Release|x64.Build.0 = Release|x64
		{7D08A3B0-88C6-4A14-BA14-3D63F5176D05}.Release|x64.Deploy.0 = Release|x64
		{7D08A3B0-88C6-4A14-BA14-3D63F5176D05}.Release|x86.ActiveCfg = Release|x86
		{7D08A3B0-88C6-4A14-BA14-3D63F5176D05}.Release|x86.Build.0 = Release|x86
		{7D08A3B0-88C6-4A14-BA14-3D63F5176D05}.Release|x86.Deploy.0 = Release|x86
		{AB080823-8E77-4E64-92B5-875E8F53A1CC}.Ad-Hoc|Any CPU.ActiveCfg = Debug|Any CPU
		{AB080823-8E77-4E64-92B5-875E8F53A1CC}.Ad-Hoc|Any CPU.Build.0 = Debug|Any CPU
		{AB080823-8E77-4E64-92B5-875E8F53A1CC}.Ad-Hoc|Any CPU.Deploy.0 = Debug|Any CPU
		{AB080823-8E77-4E64-92B5-875E8F53A1CC}.Ad-Hoc|ARM.ActiveCfg = Debug|Any CPU
		{AB080823-8E77-4E64-92B5-875E8F53A1CC}.Ad-Hoc|ARM.Build.0 = Debug|Any CPU
		{AB080823-8E77-4E64-92B5-875E8F53A1CC}.Ad-Hoc|ARM.Deploy.0 = Debug|Any CPU
		{AB080823-8E77-4E64-92B5-875E8F53A1CC}.Ad-Hoc|iPhone.ActiveCfg = Debug|Any CPU
		{AB080823-8E77-4E64-92B5-875E8F53A1CC}.Ad-Hoc|iPhone.Build.0 = Debug|Any CPU
		{AB080823-8E77-4E64-92B5-875E8F53A1CC}.Ad-Hoc|iPhone.Deploy.0 = Debug|Any CPU
		{AB080823-8E77-4E64-92B5-875E8F53A1CC}.Ad-Hoc|iPhoneSimulator.ActiveCfg = Debug|Any CPU
		{AB080823-8E77-4E64-92B5-875E8F53A1CC}.Ad-Hoc|iPhoneSimulator.Build.0 = Debug|Any CPU
		{AB080823-8E77-4E64-92B5-875E8F53A1CC}.Ad-Hoc|iPhoneSimulator.Deploy.0 = Debug|Any CPU
		{AB080823-8E77-4E64-92B5-875E8F53A1CC}.Ad-Hoc|x64.ActiveCfg = Debug|Any CPU
		{AB080823-8E77-4E64-92B5-875E8F53A1CC}.Ad-Hoc|x64.Build.0 = Debug|Any CPU
		{AB080823-8E77-4E64-92B5-875E8F53A1CC}.Ad-Hoc|x64.Deploy.0 = Debug|Any CPU
		{AB080823-8E77-4E64-92B5-875E8F53A1CC}.Ad-Hoc|x86.ActiveCfg = Debug|Any CPU
		{AB080823-8E77-4E64-92B5-875E8F53A1CC}.Ad-Hoc|x86.Build.0 = Debug|Any CPU
		{AB080823-8E77-4E64-92B5-875E8F53A1CC}.Ad-Hoc|x86.Deploy.0 = Debug|Any CPU
		{AB080823-8E77-4E64-92B5-875E8F53A1CC}.AppStore|Any CPU.ActiveCfg = Debug|Any CPU
		{AB080823-8E77-4E64-92B5-875E8F53A1CC}.AppStore|Any CPU.Build.0 = Debug|Any CPU
		{AB080823-8E77-4E64-92B5-875E8F53A1CC}.AppStore|Any CPU.Deploy.0 = Debug|Any CPU
		{AB080823-8E77-4E64-92B5-875E8F53A1CC}.AppStore|ARM.ActiveCfg = Debug|Any CPU
		{AB080823-8E77-4E64-92B5-875E8F53A1CC}.AppStore|ARM.Build.0 = Debug|Any CPU
		{AB080823-8E77-4E64-92B5-875E8F53A1CC}.AppStore|ARM.Deploy.0 = Debug|Any CPU
		{AB080823-8E77-4E64-92B5-875E8F53A1CC}.AppStore|iPhone.ActiveCfg = Debug|Any CPU
		{AB080823-8E77-4E64-92B5-875E8F53A1CC}.AppStore|iPhone.Build.0 = Debug|Any CPU
		{AB080823-8E77-4E64-92B5-875E8F53A1CC}.AppStore|iPhone.Deploy.0 = Debug|Any CPU
		{AB080823-8E77-4E64-92B5-875E8F53A1CC}.AppStore|iPhoneSimulator.ActiveCfg = Debug|Any CPU
		{AB080823-8E77-4E64-92B5-875E8F53A1CC}.AppStore|iPhoneSimulator.Build.0 = Debug|Any CPU
		{AB080823-8E77-4E64-92B5-875E8F53A1CC}.AppStore|iPhoneSimulator.Deploy.0 = Debug|Any CPU
		{AB080823-8E77-4E64-92B5-875E8F53A1CC}.AppStore|x64.ActiveCfg = Debug|Any CPU
		{AB080823-8E77-4E64-92B5-875E8F53A1CC}.AppStore|x64.Build.0 = Debug|Any CPU
		{AB080823-8E77-4E64-92B5-875E8F53A1CC}.AppStore|x64.Deploy.0 = Debug|Any CPU
		{AB080823-8E77-4E64-92B5-875E8F53A1CC}.AppStore|x86.ActiveCfg = Debug|Any CPU
		{AB080823-8E77-4E64-92B5-875E8F53A1CC}.AppStore|x86.Build.0 = Debug|Any CPU
		{AB080823-8E77-4E64-92B5-875E8F53A1CC}.AppStore|x86.Deploy.0 = Debug|Any CPU
		{AB080823-8E77-4E64-92B5-875E8F53A1CC}.Debug|Any CPU.ActiveCfg = Debug|Any CPU
		{AB080823-8E77-4E64-92B5-875E8F53A1CC}.Debug|Any CPU.Build.0 = Debug|Any CPU
		{AB080823-8E77-4E64-92B5-875E8F53A1CC}.Debug|Any CPU.Deploy.0 = Debug|Any CPU
		{AB080823-8E77-4E64-92B5-875E8F53A1CC}.Debug|ARM.ActiveCfg = Debug|Any CPU
		{AB080823-8E77-4E64-92B5-875E8F53A1CC}.Debug|ARM.Build.0 = Debug|Any CPU
		{AB080823-8E77-4E64-92B5-875E8F53A1CC}.Debug|ARM.Deploy.0 = Debug|Any CPU
		{AB080823-8E77-4E64-92B5-875E8F53A1CC}.Debug|iPhone.ActiveCfg = Debug|Any CPU
		{AB080823-8E77-4E64-92B5-875E8F53A1CC}.Debug|iPhone.Build.0 = Debug|Any CPU
		{AB080823-8E77-4E64-92B5-875E8F53A1CC}.Debug|iPhone.Deploy.0 = Debug|Any CPU
		{AB080823-8E77-4E64-92B5-875E8F53A1CC}.Debug|iPhoneSimulator.ActiveCfg = Debug|Any CPU
		{AB080823-8E77-4E64-92B5-875E8F53A1CC}.Debug|iPhoneSimulator.Build.0 = Debug|Any CPU
		{AB080823-8E77-4E64-92B5-875E8F53A1CC}.Debug|iPhoneSimulator.Deploy.0 = Debug|Any CPU
		{AB080823-8E77-4E64-92B5-875E8F53A1CC}.Debug|x64.ActiveCfg = Debug|Any CPU
		{AB080823-8E77-4E64-92B5-875E8F53A1CC}.Debug|x64.Build.0 = Debug|Any CPU
		{AB080823-8E77-4E64-92B5-875E8F53A1CC}.Debug|x64.Deploy.0 = Debug|Any CPU
		{AB080823-8E77-4E64-92B5-875E8F53A1CC}.Debug|x86.ActiveCfg = Debug|Any CPU
		{AB080823-8E77-4E64-92B5-875E8F53A1CC}.Debug|x86.Build.0 = Debug|Any CPU
		{AB080823-8E77-4E64-92B5-875E8F53A1CC}.Debug|x86.Deploy.0 = Debug|Any CPU
		{AB080823-8E77-4E64-92B5-875E8F53A1CC}.Release|Any CPU.ActiveCfg = Release|Any CPU
		{AB080823-8E77-4E64-92B5-875E8F53A1CC}.Release|Any CPU.Build.0 = Release|Any CPU
		{AB080823-8E77-4E64-92B5-875E8F53A1CC}.Release|Any CPU.Deploy.0 = Release|Any CPU
		{AB080823-8E77-4E64-92B5-875E8F53A1CC}.Release|ARM.ActiveCfg = Release|Any CPU
		{AB080823-8E77-4E64-92B5-875E8F53A1CC}.Release|ARM.Build.0 = Release|Any CPU
		{AB080823-8E77-4E64-92B5-875E8F53A1CC}.Release|ARM.Deploy.0 = Release|Any CPU
		{AB080823-8E77-4E64-92B5-875E8F53A1CC}.Release|iPhone.ActiveCfg = Release|Any CPU
		{AB080823-8E77-4E64-92B5-875E8F53A1CC}.Release|iPhone.Build.0 = Release|Any CPU
		{AB080823-8E77-4E64-92B5-875E8F53A1CC}.Release|iPhone.Deploy.0 = Release|Any CPU
		{AB080823-8E77-4E64-92B5-875E8F53A1CC}.Release|iPhoneSimulator.ActiveCfg = Release|Any CPU
		{AB080823-8E77-4E64-92B5-875E8F53A1CC}.Release|iPhoneSimulator.Build.0 = Release|Any CPU
		{AB080823-8E77-4E64-92B5-875E8F53A1CC}.Release|iPhoneSimulator.Deploy.0 = Release|Any CPU
		{AB080823-8E77-4E64-92B5-875E8F53A1CC}.Release|x64.ActiveCfg = Release|Any CPU
		{AB080823-8E77-4E64-92B5-875E8F53A1CC}.Release|x64.Build.0 = Release|Any CPU
		{AB080823-8E77-4E64-92B5-875E8F53A1CC}.Release|x64.Deploy.0 = Release|Any CPU
		{AB080823-8E77-4E64-92B5-875E8F53A1CC}.Release|x86.ActiveCfg = Release|Any CPU
		{AB080823-8E77-4E64-92B5-875E8F53A1CC}.Release|x86.Build.0 = Release|Any CPU
		{AB080823-8E77-4E64-92B5-875E8F53A1CC}.Release|x86.Deploy.0 = Release|Any CPU
	EndGlobalSection
	GlobalSection(SolutionProperties) = preSolution
		HideSolutionNode = FALSE
	EndGlobalSection
	GlobalSection(ExtensibilityGlobals) = postSolution
		SolutionGuid = {ADBBEF61-1997-4AAD-8524-F00EFE350674}
	EndGlobalSection
EndGlobal
